{
    "_readme": [
        "This file locks the dependencies of your project to a known state",
        "Read more about it at https://getcomposer.org/doc/01-basic-usage.md#installing-dependencies",
        "This file is @generated automatically"
    ],
    "content-hash": "5ffdf66bce224ee85ff68ae98f466a9a",
    "packages": [
        {
            "name": "bacon/bacon-qr-code",
            "version": "1.0.3",
            "source": {
                "type": "git",
                "url": "https://github.com/Bacon/BaconQrCode.git",
                "reference": "5a91b62b9d37cee635bbf8d553f4546057250bee"
            },
            "dist": {
                "type": "zip",
                "url": "https://api.github.com/repos/Bacon/BaconQrCode/zipball/5a91b62b9d37cee635bbf8d553f4546057250bee",
                "reference": "5a91b62b9d37cee635bbf8d553f4546057250bee",
                "shasum": ""
            },
            "require": {
                "ext-iconv": "*",
                "php": "^5.4|^7.0"
            },
            "require-dev": {
                "phpunit/phpunit": "^4.8"
            },
            "suggest": {
                "ext-gd": "to generate QR code images"
            },
            "type": "library",
            "autoload": {
                "psr-0": {
                    "BaconQrCode": "src/"
                }
            },
            "notification-url": "https://packagist.org/downloads/",
            "license": [
                "BSD-2-Clause"
            ],
            "authors": [
                {
                    "name": "Ben Scholzen 'DASPRiD'",
                    "email": "mail@dasprids.de",
                    "homepage": "http://www.dasprids.de",
                    "role": "Developer"
                }
            ],
            "description": "BaconQrCode is a QR code generator for PHP.",
            "homepage": "https://github.com/Bacon/BaconQrCode",
            "support": {
                "issues": "https://github.com/Bacon/BaconQrCode/issues",
                "source": "https://github.com/Bacon/BaconQrCode/tree/master"
            },
            "time": "2017-10-17T09:59:25+00:00"
        },
        {
            "name": "syspass/extension-installer-plugin",
            "version": "v2.0.0",
            "source": {
                "type": "git",
                "url": "https://github.com/sysPass/composer-plugin-installer.git",
                "reference": "9805ed94f0eac986c8c35586ca3b682e28a7c465"
            },
            "dist": {
                "type": "zip",
                "url": "https://api.github.com/repos/sysPass/composer-plugin-installer/zipball/9805ed94f0eac986c8c35586ca3b682e28a7c465",
                "reference": "9805ed94f0eac986c8c35586ca3b682e28a7c465",
                "shasum": ""
            },
            "require": {
                "composer-plugin-api": "^2.0"
            },
            "require-dev": {
                "composer/composer": "^2.0"
            },
            "type": "composer-plugin",
            "extra": {
                "class": "SP\\Composer\\ExtensionInstallerPlugin"
            },
            "autoload": {
                "classmap": [
                    "src/"
                ]
            },
            "notification-url": "https://packagist.org/downloads/",
            "license": [
                "MIT"
            ],
            "support": {
                "issues": "https://github.com/sysPass/composer-plugin-installer/issues",
                "source": "https://github.com/sysPass/composer-plugin-installer/tree/v2.0.0"
            },
            "time": "2020-12-08T08:15:22+00:00"
        }
    ],
    "packages-dev": [],
    "aliases": [],
    "minimum-stability": "stable",
    "stability-flags": [],
    "prefer-stable": false,
    "prefer-lowest": false,
    "platform": {
        "php": "~7.3 || ~7.4",
        "ext-gettext": "*"
    },
    "platform-dev": [],
    "plugin-api-version": "2.1.0"
}
